
Microsoft Visual Studio Solution File, Format Version 12.00
# Visual Studio Version 17
VisualStudioVersion = 17.9.34728.123
MinimumVisualStudioVersion = 10.0.40219.1
Project("{FAE04EC0-301F-11D3-BF4B-00C04F79EFBC}") = "WebApplication2", "WebApplication2\WebApplication2.csproj", "{4780C312-0290-4192-99E6-F8E2724B6F9C}"
EndProject
Project("{FAE04EC0-301F-11D3-BF4B-00C04F79EFBC}") = "businesslogic", "businesslogic\businesslogic.csproj", "{17F8E116-6DBA-40E2-B3F9-C45B48157C36}"
EndProject
Global
	GlobalSection(SolutionConfigurationPlatforms) = preSolution
		Debug|Any CPU = Debug|Any CPU
		Release|Any CPU = Release|Any CPU
	EndGlobalSection
	GlobalSection(ProjectConfigurationPlatforms) = postSolution
		{4780C312-0290-4192-99E6-F8E2724B6F9C}.Debug|Any CPU.ActiveCfg = Debug|Any CPU
		{4780C312-0290-4192-99E6-F8E2724B6F9C}.Debug|Any CPU.Build.0 = Debug|Any CPU
		{4780C312-0290-4192-99E6-F8E2724B6F9C}.Release|Any CPU.ActiveCfg = Release|Any CPU
		{4780C312-0290-4192-99E6-F8E2724B6F9C}.Release|Any CPU.Build.0 = Release|Any CPU
		{17F8E116-6DBA-40E2-B3F9-C45B48157C36}.Debug|Any CPU.ActiveCfg = Debug|Any CPU
		{17F8E116-6DBA-40E2-B3F9-C45B48157C36}.Debug|Any CPU.Build.0 = Debug|Any CPU
		{17F8E116-6DBA-40E2-B3F9-C45B48157C36}.Release|Any CPU.ActiveCfg = Release|Any CPU
		{17F8E116-6DBA-40E2-B3F9-C45B48157C36}.Release|Any CPU.Build.0 = Release|Any CPU
	EndGlobalSection
	GlobalSection(SolutionProperties) = preSolution
		HideSolutionNode = FALSE
	EndGlobalSection
	GlobalSection(ExtensibilityGlobals) = postSolution
		SolutionGuid = {90905B70-5699-46A1-B638-A6DFC6236697}
	EndGlobalSection
EndGlobal
